
Microsoft Visual Studio Solution File, Format Version 12.00
# Visual Studio 15
Project("{FAE04EC0-301F-11D3-BF4B-00C04F79EFBC}") = "CustomControlDemo.Android", "CustomControlDemo.Android\CustomControlDemo.Android.csproj", "{D6634E97-5783-42DA-B351-7476BC31F4A6}"
EndProject
Project("{FAE04EC0-301F-11D3-BF4B-00C04F79EFBC}") = "CustomControlDemo.iOS", "CustomControlDemo.iOS\CustomControlDemo.iOS.csproj", "{32E395AF-F40E-4D12-A166-5391FA4FAB02}"
EndProject
Project("{FAE04EC0-301F-11D3-BF4B-00C04F79EFBC}") = "CustomControlDemo", "CustomControlDemo\CustomControlDemo.csproj", "{51E65CD6-CE7B-40DF-B63E-6997C00A615D}"
EndProject
Global
	GlobalSection(SolutionConfigurationPlatforms) = preSolution
		Debug|Any CPU = Debug|Any CPU
		Release|Any CPU = Release|Any CPU
		Debug|iPhoneSimulator = Debug|iPhoneSimulator
		Release|iPhoneSimulator = Release|iPhoneSimulator
		Debug|iPhone = Debug|iPhone
		Release|iPhone = Release|iPhone
	EndGlobalSection
	GlobalSection(ProjectConfigurationPlatforms) = postSolution
		{D6634E97-5783-42DA-B351-7476BC31F4A6}.Debug|Any CPU.ActiveCfg = Debug|Any CPU
		{D6634E97-5783-42DA-B351-7476BC31F4A6}.Debug|Any CPU.Build.0 = Debug|Any CPU
		{D6634E97-5783-42DA-B351-7476BC31F4A6}.Release|Any CPU.ActiveCfg = Release|Any CPU
		{D6634E97-5783-42DA-B351-7476BC31F4A6}.Release|Any CPU.Build.0 = Release|Any CPU
		{D6634E97-5783-42DA-B351-7476BC31F4A6}.Debug|iPhoneSimulator.ActiveCfg = Debug|Any CPU
		{D6634E97-5783-42DA-B351-7476BC31F4A6}.Debug|iPhoneSimulator.Build.0 = Debug|Any CPU
		{D6634E97-5783-42DA-B351-7476BC31F4A6}.Release|iPhoneSimulator.ActiveCfg = Release|Any CPU
		{D6634E97-5783-42DA-B351-7476BC31F4A6}.Release|iPhoneSimulator.Build.0 = Release|Any CPU
		{D6634E97-5783-42DA-B351-7476BC31F4A6}.Debug|iPhone.ActiveCfg = Debug|Any CPU
		{D6634E97-5783-42DA-B351-7476BC31F4A6}.Debug|iPhone.Build.0 = Debug|Any CPU
		{D6634E97-5783-42DA-B351-7476BC31F4A6}.Release|iPhone.ActiveCfg = Release|Any CPU
		{D6634E97-5783-42DA-B351-7476BC31F4A6}.Release|iPhone.Build.0 = Release|Any CPU
		{32E395AF-F40E-4D12-A166-5391FA4FAB02}.Debug|Any CPU.ActiveCfg = Debug|iPhoneSimulator
		{32E395AF-F40E-4D12-A166-5391FA4FAB02}.Debug|Any CPU.Build.0 = Debug|iPhoneSimulator
		{32E395AF-F40E-4D12-A166-5391FA4FAB02}.Release|Any CPU.ActiveCfg = Release|iPhoneSimulator
		{32E395AF-F40E-4D12-A166-5391FA4FAB02}.Release|Any CPU.Build.0 = Release|iPhoneSimulator
		{32E395AF-F40E-4D12-A166-5391FA4FAB02}.Debug|iPhoneSimulator.ActiveCfg = Debug|iPhoneSimulator
		{32E395AF-F40E-4D12-A166-5391FA4FAB02}.Debug|iPhoneSimulator.Build.0 = Debug|iPhoneSimulator
		{32E395AF-F40E-4D12-A166-5391FA4FAB02}.Release|iPhoneSimulator.ActiveCfg = Release|iPhoneSimulator
		{32E395AF-F40E-4D12-A166-5391FA4FAB02}.Release|iPhoneSimulator.Build.0 = Release|iPhoneSimulator
		{32E395AF-F40E-4D12-A166-5391FA4FAB02}.Debug|iPhone.ActiveCfg = Debug|iPhone
		{32E395AF-F40E-4D12-A166-5391FA4FAB02}.Debug|iPhone.Build.0 = Debug|iPhone
		{32E395AF-F40E-4D12-A166-5391FA4FAB02}.Release|iPhone.ActiveCfg = Release|iPhone
		{32E395AF-F40E-4D12-A166-5391FA4FAB02}.Release|iPhone.Build.0 = Release|iPhone
		{51E65CD6-CE7B-40DF-B63E-6997C00A615D}.Debug|Any CPU.ActiveCfg = Debug|Any CPU
		{51E65CD6-CE7B-40DF-B63E-6997C00A615D}.Debug|Any CPU.Build.0 = Debug|Any CPU
		{51E65CD6-CE7B-40DF-B63E-6997C00A615D}.Release|Any CPU.ActiveCfg = Release|Any CPU
		{51E65CD6-CE7B-40DF-B63E-6997C00A615D}.Release|Any CPU.Build.0 = Release|Any CPU
		{51E65CD6-CE7B-40DF-B63E-6997C00A615D}.Debug|iPhoneSimulator.ActiveCfg = Debug|Any CPU
		{51E65CD6-CE7B-40DF-B63E-6997C00A615D}.Debug|iPhoneSimulator.Build.0 = Debug|Any CPU
		{51E65CD6-CE7B-40DF-B63E-6997C00A615D}.Release|iPhoneSimulator.ActiveCfg = Release|Any CPU
		{51E65CD6-CE7B-40DF-B63E-6997C00A615D}.Release|iPhoneSimulator.Build.0 = Release|Any CPU
		{51E65CD6-CE7B-40DF-B63E-6997C00A615D}.Debug|iPhone.ActiveCfg = Debug|Any CPU
		{51E65CD6-CE7B-40DF-B63E-6997C00A615D}.Debug|iPhone.Build.0 = Debug|Any CPU
		{51E65CD6-CE7B-40DF-B63E-6997C00A615D}.Release|iPhone.ActiveCfg = Release|Any CPU
		{51E65CD6-CE7B-40DF-B63E-6997C00A615D}.Release|iPhone.Build.0 = Release|Any CPU
	EndGlobalSection
EndGlobal
